
Microsoft Visual Studio Solution File, Format Version 12.00
# Visual Studio 15
VisualStudioVersion = 15.0.26124.0
MinimumVisualStudioVersion = 15.0.26124.0
Project("{FAE04EC0-301F-11D3-BF4B-00C04F79EFBC}") = "StockHouse", "StockHouse\StockHouse.csproj", "{7F3A4489-DCBF-4E4F-BF7A-DCE14F28506D}"
EndProject
Project("{FAE04EC0-301F-11D3-BF4B-00C04F79EFBC}") = "StockHouseTest", "StockHouseTest\StockHouseTest.csproj", "{AEEFE607-5D87-4E51-9D0E-0020236A7538}"
EndProject
Global
	GlobalSection(SolutionConfigurationPlatforms) = preSolution
		Debug|Any CPU = Debug|Any CPU
		Debug|x64 = Debug|x64
		Debug|x86 = Debug|x86
		Release|Any CPU = Release|Any CPU
		Release|x64 = Release|x64
		Release|x86 = Release|x86
	EndGlobalSection
	GlobalSection(SolutionProperties) = preSolution
		HideSolutionNode = FALSE
	EndGlobalSection
	GlobalSection(ProjectConfigurationPlatforms) = postSolution
		{7F3A4489-DCBF-4E4F-BF7A-DCE14F28506D}.Debug|Any CPU.ActiveCfg = Debug|Any CPU
		{7F3A4489-DCBF-4E4F-BF7A-DCE14F28506D}.Debug|Any CPU.Build.0 = Debug|Any CPU
		{7F3A4489-DCBF-4E4F-BF7A-DCE14F28506D}.Debug|x64.ActiveCfg = Debug|Any CPU
		{7F3A4489-DCBF-4E4F-BF7A-DCE14F28506D}.Debug|x64.Build.0 = Debug|Any CPU
		{7F3A4489-DCBF-4E4F-BF7A-DCE14F28506D}.Debug|x86.ActiveCfg = Debug|Any CPU
		{7F3A4489-DCBF-4E4F-BF7A-DCE14F28506D}.Debug|x86.Build.0 = Debug|Any CPU
		{7F3A4489-DCBF-4E4F-BF7A-DCE14F28506D}.Release|Any CPU.ActiveCfg = Release|Any CPU
		{7F3A4489-DCBF-4E4F-BF7A-DCE14F28506D}.Release|Any CPU.Build.0 = Release|Any CPU
		{7F3A4489-DCBF-4E4F-BF7A-DCE14F28506D}.Release|x64.ActiveCfg = Release|Any CPU
		{7F3A4489-DCBF-4E4F-BF7A-DCE14F28506D}.Release|x64.Build.0 = Release|Any CPU
		{7F3A4489-DCBF-4E4F-BF7A-DCE14F28506D}.Release|x86.ActiveCfg = Release|Any CPU
		{7F3A4489-DCBF-4E4F-BF7A-DCE14F28506D}.Release|x86.Build.0 = Release|Any CPU
		{AEEFE607-5D87-4E51-9D0E-0020236A7538}.Debug|Any CPU.ActiveCfg = Debug|Any CPU
		{AEEFE607-5D87-4E51-9D0E-0020236A7538}.Debug|Any CPU.Build.0 = Debug|Any CPU
		{AEEFE607-5D87-4E51-9D0E-0020236A7538}.Debug|x64.ActiveCfg = Debug|Any CPU
		{AEEFE607-5D87-4E51-9D0E-0020236A7538}.Debug|x64.Build.0 = Debug|Any CPU
		{AEEFE607-5D87-4E51-9D0E-0020236A7538}.Debug|x86.ActiveCfg = Debug|Any CPU
		{AEEFE607-5D87-4E51-9D0E-0020236A7538}.Debug|x86.Build.0 = Debug|Any CPU
		{AEEFE607-5D87-4E51-9D0E-0020236A7538}.Release|Any CPU.ActiveCfg = Release|Any CPU
		{AEEFE607-5D87-4E51-9D0E-0020236A7538}.Release|Any CPU.Build.0 = Release|Any CPU
		{AEEFE607-5D87-4E51-9D0E-0020236A7538}.Release|x64.ActiveCfg = Release|Any CPU
		{AEEFE607-5D87-4E51-9D0E-0020236A7538}.Release|x64.Build.0 = Release|Any CPU
		{AEEFE607-5D87-4E51-9D0E-0020236A7538}.Release|x86.ActiveCfg = Release|Any CPU
		{AEEFE607-5D87-4E51-9D0E-0020236A7538}.Release|x86.Build.0 = Release|Any CPU
	EndGlobalSection
EndGlobal
